
Microsoft Visual Studio Solution File, Format Version 12.00
# Visual Studio 15
VisualStudioVersion = 15.0.28307.539
MinimumVisualStudioVersion = 10.0.40219.1
Project("{FAE04EC0-301F-11D3-BF4B-00C04F79EFBC}") = "cach", "cach\cach.csproj", "{61B8E085-B13D-4068-852A-2234919656E2}"
EndProject
Project("{FAE04EC0-301F-11D3-BF4B-00C04F79EFBC}") = "cachCore", "cachCore\cachCore.csproj", "{F0D17A4C-C611-49E3-A6E5-6663455BB239}"
EndProject
Project("{FAE04EC0-301F-11D3-BF4B-00C04F79EFBC}") = "cachCoreTests", "cachCoreTests\cachCoreTests.csproj", "{8EDF4429-251A-416D-BB68-93F227191BCF}"
EndProject
Project("{FAE04EC0-301F-11D3-BF4B-00C04F79EFBC}") = "cachRendering", "cachRendering\cachRendering.csproj", "{562124BF-20A0-4BE0-8C67-5E173E86BF03}"
EndProject
Project("{FAE04EC0-301F-11D3-BF4B-00C04F79EFBC}") = "cachBot", "cachBot\cachBot.csproj", "{6ACBD5FB-F19E-4758-8167-B41770DE297E}"
EndProject
Project("{FAE04EC0-301F-11D3-BF4B-00C04F79EFBC}") = "cacheEngine", "cacheEngine\cacheEngine.csproj", "{ECF38845-FFED-425D-B0FE-FDF319417F8E}"
EndProject
Project("{FAE04EC0-301F-11D3-BF4B-00C04F79EFBC}") = "cacheEngineTests", "cacheEngineTests\cacheEngineTests.csproj", "{689D3F43-DFE1-4CD7-BE5C-D12D7736DE95}"
EndProject
Project("{FAE04EC0-301F-11D3-BF4B-00C04F79EFBC}") = "openingBook", "openingBook\openingBook.csproj", "{74A478B7-0308-4220-BC14-59DA7717B57A}"
EndProject
Project("{FAE04EC0-301F-11D3-BF4B-00C04F79EFBC}") = "openingBookTests", "openingBookTests\openingBookTests.csproj", "{B64804AC-75C4-4F8A-9D21-289AD2516738}"
EndProject
Global
	GlobalSection(SolutionConfigurationPlatforms) = preSolution
		Debug|Any CPU = Debug|Any CPU
		Debug|ARM = Debug|ARM
		Debug|x64 = Debug|x64
		Debug|x86 = Debug|x86
		Release|Any CPU = Release|Any CPU
		Release|ARM = Release|ARM
		Release|x64 = Release|x64
		Release|x86 = Release|x86
	EndGlobalSection
	GlobalSection(ProjectConfigurationPlatforms) = postSolution
		{61B8E085-B13D-4068-852A-2234919656E2}.Debug|Any CPU.ActiveCfg = Debug|Any CPU
		{61B8E085-B13D-4068-852A-2234919656E2}.Debug|Any CPU.Build.0 = Debug|Any CPU
		{61B8E085-B13D-4068-852A-2234919656E2}.Debug|ARM.ActiveCfg = Debug|Any CPU
		{61B8E085-B13D-4068-852A-2234919656E2}.Debug|ARM.Build.0 = Debug|Any CPU
		{61B8E085-B13D-4068-852A-2234919656E2}.Debug|x64.ActiveCfg = Debug|Any CPU
		{61B8E085-B13D-4068-852A-2234919656E2}.Debug|x64.Build.0 = Debug|Any CPU
		{61B8E085-B13D-4068-852A-2234919656E2}.Debug|x86.ActiveCfg = Debug|Any CPU
		{61B8E085-B13D-4068-852A-2234919656E2}.Debug|x86.Build.0 = Debug|Any CPU
		{61B8E085-B13D-4068-852A-2234919656E2}.Release|Any CPU.ActiveCfg = Release|Any CPU
		{61B8E085-B13D-4068-852A-2234919656E2}.Release|Any CPU.Build.0 = Release|Any CPU
		{61B8E085-B13D-4068-852A-2234919656E2}.Release|ARM.ActiveCfg = Release|Any CPU
		{61B8E085-B13D-4068-852A-2234919656E2}.Release|ARM.Build.0 = Release|Any CPU
		{61B8E085-B13D-4068-852A-2234919656E2}.Release|x64.ActiveCfg = Release|Any CPU
		{61B8E085-B13D-4068-852A-2234919656E2}.Release|x64.Build.0 = Release|Any CPU
		{61B8E085-B13D-4068-852A-2234919656E2}.Release|x86.ActiveCfg = Release|Any CPU
		{61B8E085-B13D-4068-852A-2234919656E2}.Release|x86.Build.0 = Release|Any CPU
		{F0D17A4C-C611-49E3-A6E5-6663455BB239}.Debug|Any CPU.ActiveCfg = Debug|Any CPU
		{F0D17A4C-C611-49E3-A6E5-6663455BB239}.Debug|Any CPU.Build.0 = Debug|Any CPU
		{F0D17A4C-C611-49E3-A6E5-6663455BB239}.Debug|ARM.ActiveCfg = Debug|Any CPU
		{F0D17A4C-C611-49E3-A6E5-6663455BB239}.Debug|ARM.Build.0 = Debug|Any CPU
		{F0D17A4C-C611-49E3-A6E5-6663455BB239}.Debug|x64.ActiveCfg = Debug|Any CPU
		{F0D17A4C-C611-49E3-A6E5-6663455BB239}.Debug|x64.Build.0 = Debug|Any CPU
		{F0D17A4C-C611-49E3-A6E5-6663455BB239}.Debug|x86.ActiveCfg = Debug|Any CPU
		{F0D17A4C-C611-49E3-A6E5-6663455BB239}.Debug|x86.Build.0 = Debug|Any CPU
		{F0D17A4C-C611-49E3-A6E5-6663455BB239}.Release|Any CPU.ActiveCfg = Release|Any CPU
		{F0D17A4C-C611-49E3-A6E5-6663455BB239}.Release|Any CPU.Build.0 = Release|Any CPU
		{F0D17A4C-C611-49E3-A6E5-6663455BB239}.Release|ARM.ActiveCfg = Release|Any CPU
		{F0D17A4C-C611-49E3-A6E5-6663455BB239}.Release|ARM.Build.0 = Release|Any CPU
		{F0D17A4C-C611-49E3-A6E5-6663455BB239}.Release|x64.ActiveCfg = Release|Any CPU
		{F0D17A4C-C611-49E3-A6E5-6663455BB239}.Release|x64.Build.0 = Release|Any CPU
		{F0D17A4C-C611-49E3-A6E5-6663455BB239}.Release|x86.ActiveCfg = Release|Any CPU
		{F0D17A4C-C611-49E3-A6E5-6663455BB239}.Release|x86.Build.0 = Release|Any CPU
		{8EDF4429-251A-416D-BB68-93F227191BCF}.Debug|Any CPU.ActiveCfg = Debug|Any CPU
		{8EDF4429-251A-416D-BB68-93F227191BCF}.Debug|Any CPU.Build.0 = Debug|Any CPU
		{8EDF4429-251A-416D-BB68-93F227191BCF}.Debug|ARM.ActiveCfg = Debug|Any CPU
		{8EDF4429-251A-416D-BB68-93F227191BCF}.Debug|ARM.Build.0 = Debug|Any CPU
		{8EDF4429-251A-416D-BB68-93F227191BCF}.Debug|x64.ActiveCfg = Debug|Any CPU
		{8EDF4429-251A-416D-BB68-93F227191BCF}.Debug|x64.Build.0 = Debug|Any CPU
		{8EDF4429-251A-416D-BB68-93F227191BCF}.Debug|x86.ActiveCfg = Debug|Any CPU
		{8EDF4429-251A-416D-BB68-93F227191BCF}.Debug|x86.Build.0 = Debug|Any CPU
		{8EDF4429-251A-416D-BB68-93F227191BCF}.Release|Any CPU.ActiveCfg = Release|Any CPU
		{8EDF4429-251A-416D-BB68-93F227191BCF}.Release|Any CPU.Build.0 = Release|Any CPU
		{8EDF4429-251A-416D-BB68-93F227191BCF}.Release|ARM.ActiveCfg = Release|Any CPU
		{8EDF4429-251A-416D-BB68-93F227191BCF}.Release|ARM.Build.0 = Release|Any CPU
		{8EDF4429-251A-416D-BB68-93F227191BCF}.Release|x64.ActiveCfg = Release|Any CPU
		{8EDF4429-251A-416D-BB68-93F227191BCF}.Release|x64.Build.0 = Release|Any CPU
		{8EDF4429-251A-416D-BB68-93F227191BCF}.Release|x86.ActiveCfg = Release|Any CPU
		{8EDF4429-251A-416D-BB68-93F227191BCF}.Release|x86.Build.0 = Release|Any CPU
		{562124BF-20A0-4BE0-8C67-5E173E86BF03}.Debug|Any CPU.ActiveCfg = Debug|Any CPU
		{562124BF-20A0-4BE0-8C67-5E173E86BF03}.Debug|Any CPU.Build.0 = Debug|Any CPU
		{562124BF-20A0-4BE0-8C67-5E173E86BF03}.Debug|ARM.ActiveCfg = Debug|Any CPU
		{562124BF-20A0-4BE0-8C67-5E173E86BF03}.Debug|ARM.Build.0 = Debug|Any CPU
		{562124BF-20A0-4BE0-8C67-5E173E86BF03}.Debug|x64.ActiveCfg = Debug|Any CPU
		{562124BF-20A0-4BE0-8C67-5E173E86BF03}.Debug|x64.Build.0 = Debug|Any CPU
		{562124BF-20A0-4BE0-8C67-5E173E86BF03}.Debug|x86.ActiveCfg = Debug|Any CPU
		{562124BF-20A0-4BE0-8C67-5E173E86BF03}.Debug|x86.Build.0 = Debug|Any CPU
		{562124BF-20A0-4BE0-8C67-5E173E86BF03}.Release|Any CPU.ActiveCfg = Release|Any CPU
		{562124BF-20A0-4BE0-8C67-5E173E86BF03}.Release|Any CPU.Build.0 = Release|Any CPU
		{562124BF-20A0-4BE0-8C67-5E173E86BF03}.Release|ARM.ActiveCfg = Release|Any CPU
		{562124BF-20A0-4BE0-8C67-5E173E86BF03}.Release|ARM.Build.0 = Release|Any CPU
		{562124BF-20A0-4BE0-8C67-5E173E86BF03}.Release|x64.ActiveCfg = Release|Any CPU
		{562124BF-20A0-4BE0-8C67-5E173E86BF03}.Release|x64.Build.0 = Release|Any CPU
		{562124BF-20A0-4BE0-8C67-5E173E86BF03}.Release|x86.ActiveCfg = Release|Any CPU
		{562124BF-20A0-4BE0-8C67-5E173E86BF03}.Release|x86.Build.0 = Release|Any CPU
		{6ACBD5FB-F19E-4758-8167-B41770DE297E}.Debug|Any CPU.ActiveCfg = Debug|Any CPU
		{6ACBD5FB-F19E-4758-8167-B41770DE297E}.Debug|Any CPU.Build.0 = Debug|Any CPU
		{6ACBD5FB-F19E-4758-8167-B41770DE297E}.Debug|ARM.ActiveCfg = Debug|Any CPU
		{6ACBD5FB-F19E-4758-8167-B41770DE297E}.Debug|ARM.Build.0 = Debug|Any CPU
		{6ACBD5FB-F19E-4758-8167-B41770DE297E}.Debug|x64.ActiveCfg = Debug|Any CPU
		{6ACBD5FB-F19E-4758-8167-B41770DE297E}.Debug|x64.Build.0 = Debug|Any CPU
		{6ACBD5FB-F19E-4758-8167-B41770DE297E}.Debug|x86.ActiveCfg = Debug|Any CPU
		{6ACBD5FB-F19E-4758-8167-B41770DE297E}.Debug|x86.Build.0 = Debug|Any CPU
		{6ACBD5FB-F19E-4758-8167-B41770DE297E}.Release|Any CPU.ActiveCfg = Release|Any CPU
		{6ACBD5FB-F19E-4758-8167-B41770DE297E}.Release|Any CPU.Build.0 = Release|Any CPU
		{6ACBD5FB-F19E-4758-8167-B41770DE297E}.Release|ARM.ActiveCfg = Release|Any CPU
		{6ACBD5FB-F19E-4758-8167-B41770DE297E}.Release|ARM.Build.0 = Release|Any CPU
		{6ACBD5FB-F19E-4758-8167-B41770DE297E}.Release|x64.ActiveCfg = Release|Any CPU
		{6ACBD5FB-F19E-4758-8167-B41770DE297E}.Release|x64.Build.0 = Release|Any CPU
		{6ACBD5FB-F19E-4758-8167-B41770DE297E}.Release|x86.ActiveCfg = Release|Any CPU
		{6ACBD5FB-F19E-4758-8167-B41770DE297E}.Release|x86.Build.0 = Release|Any CPU
		{ECF38845-FFED-425D-B0FE-FDF319417F8E}.Debug|Any CPU.ActiveCfg = Debug|Any CPU
		{ECF38845-FFED-425D-B0FE-FDF319417F8E}.Debug|Any CPU.Build.0 = Debug|Any CPU
		{ECF38845-FFED-425D-B0FE-FDF319417F8E}.Debug|ARM.ActiveCfg = Debug|Any CPU
		{ECF38845-FFED-425D-B0FE-FDF319417F8E}.Debug|ARM.Build.0 = Debug|Any CPU
		{ECF38845-FFED-425D-B0FE-FDF319417F8E}.Debug|x64.ActiveCfg = Debug|Any CPU
		{ECF38845-FFED-425D-B0FE-FDF319417F8E}.Debug|x64.Build.0 = Debug|Any CPU
		{ECF38845-FFED-425D-B0FE-FDF319417F8E}.Debug|x86.ActiveCfg = Debug|Any CPU
		{ECF38845-FFED-425D-B0FE-FDF319417F8E}.Debug|x86.Build.0 = Debug|Any CPU
		{ECF38845-FFED-425D-B0FE-FDF319417F8E}.Release|Any CPU.ActiveCfg = Release|Any CPU
		{ECF38845-FFED-425D-B0FE-FDF319417F8E}.Release|Any CPU.Build.0 = Release|Any CPU
		{ECF38845-FFED-425D-B0FE-FDF319417F8E}.Release|ARM.ActiveCfg = Release|Any CPU
		{ECF38845-FFED-425D-B0FE-FDF319417F8E}.Release|ARM.Build.0 = Release|Any CPU
		{ECF38845-FFED-425D-B0FE-FDF319417F8E}.Release|x64.ActiveCfg = Release|Any CPU
		{ECF38845-FFED-425D-B0FE-FDF319417F8E}.Release|x64.Build.0 = Release|Any CPU
		{ECF38845-FFED-425D-B0FE-FDF319417F8E}.Release|x86.ActiveCfg = Release|Any CPU
		{ECF38845-FFED-425D-B0FE-FDF319417F8E}.Release|x86.Build.0 = Release|Any CPU
		{689D3F43-DFE1-4CD7-BE5C-D12D7736DE95}.Debug|Any CPU.ActiveCfg = Debug|Any CPU
		{689D3F43-DFE1-4CD7-BE5C-D12D7736DE95}.Debug|Any CPU.Build.0 = Debug|Any CPU
		{689D3F43-DFE1-4CD7-BE5C-D12D7736DE95}.Debug|ARM.ActiveCfg = Debug|Any CPU
		{689D3F43-DFE1-4CD7-BE5C-D12D7736DE95}.Debug|ARM.Build.0 = Debug|Any CPU
		{689D3F43-DFE1-4CD7-BE5C-D12D7736DE95}.Debug|x64.ActiveCfg = Debug|Any CPU
		{689D3F43-DFE1-4CD7-BE5C-D12D7736DE95}.Debug|x64.Build.0 = Debug|Any CPU
		{689D3F43-DFE1-4CD7-BE5C-D12D7736DE95}.Debug|x86.ActiveCfg = Debug|Any CPU
		{689D3F43-DFE1-4CD7-BE5C-D12D7736DE95}.Debug|x86.Build.0 = Debug|Any CPU
		{689D3F43-DFE1-4CD7-BE5C-D12D7736DE95}.Release|Any CPU.ActiveCfg = Release|Any CPU
		{689D3F43-DFE1-4CD7-BE5C-D12D7736DE95}.Release|Any CPU.Build.0 = Release|Any CPU
		{689D3F43-DFE1-4CD7-BE5C-D12D7736DE95}.Release|ARM.ActiveCfg = Release|Any CPU
		{689D3F43-DFE1-4CD7-BE5C-D12D7736DE95}.Release|ARM.Build.0 = Release|Any CPU
		{689D3F43-DFE1-4CD7-BE5C-D12D7736DE95}.Release|x64.ActiveCfg = Release|Any CPU
		{689D3F43-DFE1-4CD7-BE5C-D12D7736DE95}.Release|x64.Build.0 = Release|Any CPU
		{689D3F43-DFE1-4CD7-BE5C-D12D7736DE95}.Release|x86.ActiveCfg = Release|Any CPU
		{689D3F43-DFE1-4CD7-BE5C-D12D7736DE95}.Release|x86.Build.0 = Release|Any CPU
		{74A478B7-0308-4220-BC14-59DA7717B57A}.Debug|Any CPU.ActiveCfg = Debug|Any CPU
		{74A478B7-0308-4220-BC14-59DA7717B57A}.Debug|Any CPU.Build.0 = Debug|Any CPU
		{74A478B7-0308-4220-BC14-59DA7717B57A}.Debug|ARM.ActiveCfg = Debug|Any CPU
		{74A478B7-0308-4220-BC14-59DA7717B57A}.Debug|ARM.Build.0 = Debug|Any CPU
		{74A478B7-0308-4220-BC14-59DA7717B57A}.Debug|x64.ActiveCfg = Debug|Any CPU
		{74A478B7-0308-4220-BC14-59DA7717B57A}.Debug|x64.Build.0 = Debug|Any CPU
		{74A478B7-0308-4220-BC14-59DA7717B57A}.Debug|x86.ActiveCfg = Debug|Any CPU
		{74A478B7-0308-4220-BC14-59DA7717B57A}.Debug|x86.Build.0 = Debug|Any CPU
		{74A478B7-0308-4220-BC14-59DA7717B57A}.Release|Any CPU.ActiveCfg = Release|Any CPU
		{74A478B7-0308-4220-BC14-59DA7717B57A}.Release|Any CPU.Build.0 = Release|Any CPU
		{74A478B7-0308-4220-BC14-59DA7717B57A}.Release|ARM.ActiveCfg = Release|Any CPU
		{74A478B7-0308-4220-BC14-59DA7717B57A}.Release|ARM.Build.0 = Release|Any CPU
		{74A478B7-0308-4220-BC14-59DA7717B57A}.Release|x64.ActiveCfg = Release|Any CPU
		{74A478B7-0308-4220-BC14-59DA7717B57A}.Release|x64.Build.0 = Release|Any CPU
		{74A478B7-0308-4220-BC14-59DA7717B57A}.Release|x86.ActiveCfg = Release|Any CPU
		{74A478B7-0308-4220-BC14-59DA7717B57A}.Release|x86.Build.0 = Release|Any CPU
		{B64804AC-75C4-4F8A-9D21-289AD2516738}.Debug|Any CPU.ActiveCfg = Debug|Any CPU
		{B64804AC-75C4-4F8A-9D21-289AD2516738}.Debug|Any CPU.Build.0 = Debug|Any CPU
		{B64804AC-75C4-4F8A-9D21-289AD2516738}.Debug|ARM.ActiveCfg = Debug|Any CPU
		{B64804AC-75C4-4F8A-9D21-289AD2516738}.Debug|ARM.Build.0 = Debug|Any CPU
		{B64804AC-75C4-4F8A-9D21-289AD2516738}.Debug|x64.ActiveCfg = Debug|Any CPU
		{B64804AC-75C4-4F8A-9D21-289AD2516738}.Debug|x64.Build.0 = Debug|Any CPU
		{B64804AC-75C4-4F8A-9D21-289AD2516738}.Debug|x86.ActiveCfg = Debug|Any CPU
		{B64804AC-75C4-4F8A-9D21-289AD2516738}.Debug|x86.Build.0 = Debug|Any CPU
		{B64804AC-75C4-4F8A-9D21-289AD2516738}.Release|Any CPU.ActiveCfg = Release|Any CPU
		{B64804AC-75C4-4F8A-9D21-289AD2516738}.Release|Any CPU.Build.0 = Release|Any CPU
		{B64804AC-75C4-4F8A-9D21-289AD2516738}.Release|ARM.ActiveCfg = Release|Any CPU
		{B64804AC-75C4-4F8A-9D21-289AD2516738}.Release|ARM.Build.0 = Release|Any CPU
		{B64804AC-75C4-4F8A-9D21-289AD2516738}.Release|x64.ActiveCfg = Release|Any CPU
		{B64804AC-75C4-4F8A-9D21-289AD2516738}.Release|x64.Build.0 = Release|Any CPU
		{B64804AC-75C4-4F8A-9D21-289AD2516738}.Release|x86.ActiveCfg = Release|Any CPU
		{B64804AC-75C4-4F8A-9D21-289AD2516738}.Release|x86.Build.0 = Release|Any CPU
	EndGlobalSection
	GlobalSection(SolutionProperties) = preSolution
		HideSolutionNode = FALSE
	EndGlobalSection
	GlobalSection(ExtensibilityGlobals) = postSolution
		SolutionGuid = {6D3E083C-292F-49DB-A2F1-CFB690E96449}
	EndGlobalSection
EndGlobal
